// !$*UTF8*$!
{
	archiveVersion = 1;
	classes = {
	};
	objectVersion = 50;
	objects = {

/* Begin PBXBuildFile section */
		3436147D26B54E4B00774A11 /* Test_Task__List_Swipe_ActionsApp.swift in Sources */ = {isa = PBXBuildFile; fileRef = 3436147C26B54E4B00774A11 /* Test_Task__List_Swipe_ActionsApp.swift */; };
		3436147F26B54E4B00774A11 /* CustomizedList.swift in Sources */ = {isa = PBXBuildFile; fileRef = 3436147E26B54E4B00774A11 /* CustomizedList.swift */; };
		3436148126B54E4C00774A11 /* Assets.xcassets in Resources */ = {isa = PBXBuildFile; fileRef = 3436148026B54E4C00774A11 /* Assets.xcassets */; };
		3436148426B54E4C00774A11 /* Preview Assets.xcassets in Resources */ = {isa = PBXBuildFile; fileRef = 3436148326B54E4C00774A11 /* Preview Assets.xcassets */; };
		3436148C26B6435700774A11 /* AppTabView.swift in Sources */ = {isa = PBXBuildFile; fileRef = 3436148B26B6435700774A11 /* AppTabView.swift */; };
		3436148E26B643B400774A11 /* ClassicList.swift in Sources */ = {isa = PBXBuildFile; fileRef = 3436148D26B643B400774A11 /* ClassicList.swift */; };
		34D6EBE626B69E7300B4FF69 /* CustomizedListViewModel.swift in Sources */ = {isa = PBXBuildFile; fileRef = 34D6EBE526B69E7300B4FF69 /* CustomizedListViewModel.swift */; };
		34D6EBE826B69EB400B4FF69 /* CellView.swift in Sources */ = {isa = PBXBuildFile; fileRef = 34D6EBE726B69EB400B4FF69 /* CellView.swift */; };
		34D6EBEB26B69F7600B4FF69 /* BackgroundColor.swift in Sources */ = {isa = PBXBuildFile; fileRef = 34D6EBEA26B69F7600B4FF69 /* BackgroundColor.swift */; };
		34D6EBED26B69FB800B4FF69 /* SwipeButton.swift in Sources */ = {isa = PBXBuildFile; fileRef = 34D6EBEC26B69FB800B4FF69 /* SwipeButton.swift */; };
		34D6EBEF26B69FEA00B4FF69 /* CellModel.swift in Sources */ = {isa = PBXBuildFile; fileRef = 34D6EBEE26B69FEA00B4FF69 /* CellModel.swift */; };
/* End PBXBuildFile section */

/* Begin PBXFileReference section */
		3436147926B54E4B00774A11 /* Test Task. List Swipe Actions.app */ = {isa = PBXFileReference; explicitFileType = wrapper.application; includeInIndex = 0; path = "Test Task. List Swipe Actions.app"; sourceTree = BUILT_PRODUCTS_DIR; };
		3436147C26B54E4B00774A11 /* Test_Task__List_Swipe_ActionsApp.swift */ = {isa = PBXFileReference; lastKnownFileType = sourcecode.swift; path = Test_Task__List_Swipe_ActionsApp.swift; sourceTree = "<group>"; };
		3436147E26B54E4B00774A11 /* CustomizedList.swift */ = {isa = PBXFileReference; lastKnownFileType = sourcecode.swift; path = CustomizedList.swift; sourceTree = "<group>"; };
		3436148026B54E4C00774A11 /* Assets.xcassets */ = {isa = PBXFileReference; lastKnownFileType = folder.assetcatalog; path = Assets.xcassets; sourceTree = "<group>"; };
		3436148326B54E4C00774A11 /* Preview Assets.xcassets */ = {isa = PBXFileReference; lastKnownFileType = folder.assetcatalog; path = "Preview Assets.xcassets"; sourceTree = "<group>"; };
		3436148526B54E4C00774A11 /* Info.plist */ = {isa = PBXFileReference; lastKnownFileType = text.plist.xml; path = Info.plist; sourceTree = "<group>"; };
		3436148B26B6435700774A11 /* AppTabView.swift */ = {isa = PBXFileReference; lastKnownFileType = sourcecode.swift; path = AppTabView.swift; sourceTree = "<group>"; };
		3436148D26B643B400774A11 /* ClassicList.swift */ = {isa = PBXFileReference; lastKnownFileType = sourcecode.swift; path = ClassicList.swift; sourceTree = "<group>"; };
		34D6EBE526B69E7300B4FF69 /* CustomizedListViewModel.swift */ = {isa = PBXFileReference; lastKnownFileType = sourcecode.swift; path = CustomizedListViewModel.swift; sourceTree = "<group>"; };
		34D6EBE726B69EB400B4FF69 /* CellView.swift */ = {isa = PBXFileReference; lastKnownFileType = sourcecode.swift; path = CellView.swift; sourceTree = "<group>"; };
		34D6EBEA26B69F7600B4FF69 /* BackgroundColor.swift */ = {isa = PBXFileReference; lastKnownFileType = sourcecode.swift; path = BackgroundColor.swift; sourceTree = "<group>"; };
		34D6EBEC26B69FB800B4FF69 /* SwipeButton.swift */ = {isa = PBXFileReference; lastKnownFileType = sourcecode.swift; path = SwipeButton.swift; sourceTree = "<group>"; };
		34D6EBEE26B69FEA00B4FF69 /* CellModel.swift */ = {isa = PBXFileReference; lastKnownFileType = sourcecode.swift; path = CellModel.swift; sourceTree = "<group>"; };
/* End PBXFileReference section */

/* Begin PBXFrameworksBuildPhase section */
		3436147626B54E4B00774A11 /* Frameworks */ = {
			isa = PBXFrameworksBuildPhase;
			buildActionMask = 2147483647;
			files = (
			);
			runOnlyForDeploymentPostprocessing = 0;
		};
/* End PBXFrameworksBuildPhase section */

/* Begin PBXGroup section */
		3436147026B54E4B00774A11 = {
			isa = PBXGroup;
			children = (
				3436147B26B54E4B00774A11 /* Test Task. List Swipe Actions */,
				3436147A26B54E4B00774A11 /* Products */,
			);
			sourceTree = "<group>";
		};
		3436147A26B54E4B00774A11 /* Products */ = {
			isa = PBXGroup;
			children = (
				3436147926B54E4B00774A11 /* Test Task. List Swipe Actions.app */,
			);
			name = Products;
			sourceTree = "<group>";
		};
		3436147B26B54E4B00774A11 /* Test Task. List Swipe Actions */ = {
			isa = PBXGroup;
			children = (
				3436147C26B54E4B00774A11 /* Test_Task__List_Swipe_ActionsApp.swift */,
				3436148B26B6435700774A11 /* AppTabView.swift */,
				34D6EBE426B69E5100B4FF69 /* CustomizedList */,
				34D6EBE326B69E4100B4FF69 /* ClassicList */,
				3436148026B54E4C00774A11 /* Assets.xcassets */,
				3436148526B54E4C00774A11 /* Info.plist */,
				3436148226B54E4C00774A11 /* Preview Content */,
			);
			path = "Test Task. List Swipe Actions";
			sourceTree = "<group>";
		};
		3436148226B54E4C00774A11 /* Preview Content */ = {
			isa = PBXGroup;
			children = (
				3436148326B54E4C00774A11 /* Preview Assets.xcassets */,
			);
			path = "Preview Content";
			sourceTree = "<group>";
		};
		34D6EBE326B69E4100B4FF69 /* ClassicList */ = {
			isa = PBXGroup;
			children = (
				3436148D26B643B400774A11 /* ClassicList.swift */,
			);
			path = ClassicList;
			sourceTree = "<group>";
		};
		34D6EBE426B69E5100B4FF69 /* CustomizedList */ = {
			isa = PBXGroup;
			children = (
				34D6EBE926B69F5C00B4FF69 /* CustomViews */,
				34D6EBE526B69E7300B4FF69 /* CustomizedListViewModel.swift */,
				3436147E26B54E4B00774A11 /* CustomizedList.swift */,
				34D6EBE726B69EB400B4FF69 /* CellView.swift */,
				34D6EBEE26B69FEA00B4FF69 /* CellModel.swift */,
			);
			path = CustomizedList;
			sourceTree = "<group>";
		};
		34D6EBE926B69F5C00B4FF69 /* CustomViews */ = {
			isa = PBXGroup;
			children = (
				34D6EBEC26B69FB800B4FF69 /* SwipeButton.swift */,
				34D6EBEA26B69F7600B4FF69 /* BackgroundColor.swift */,
			);
			path = CustomViews;
			sourceTree = "<group>";
		};
/* End PBXGroup section */

/* Begin PBXNativeTarget section */
		3436147826B54E4B00774A11 /* Test Task. List Swipe Actions */ = {
			isa = PBXNativeTarget;
			buildConfigurationList = 3436148826B54E4C00774A11 /* Build configuration list for PBXNativeTarget "Test Task. List Swipe Actions" */;
			buildPhases = (
				3436147526B54E4B00774A11 /* Sources */,
				3436147626B54E4B00774A11 /* Frameworks */,
				3436147726B54E4B00774A11 /* Resources */,
			);
			buildRules = (
			);
			dependencies = (
			);
			name = "Test Task. List Swipe Actions";
			productName = "Test Task. List Swipe Actions";
			productReference = 3436147926B54E4B00774A11 /* Test Task. List Swipe Actions.app */;
			productType = "com.apple.product-type.application";
		};
/* End PBXNativeTarget section */

/* Begin PBXProject section */
		3436147126B54E4B00774A11 /* Project object */ = {
			isa = PBXProject;
			attributes = {
				LastSwiftUpdateCheck = 1250;
				LastUpgradeCheck = 1250;
				TargetAttributes = {
					3436147826B54E4B00774A11 = {
						CreatedOnToolsVersion = 12.5.1;
					};
				};
			};
			buildConfigurationList = 3436147426B54E4B00774A11 /* Build configuration list for PBXProject "Test Task. List Swipe Actions" */;
			compatibilityVersion = "Xcode 9.3";
			developmentRegion = en;
			hasScannedForEncodings = 0;
			knownRegions = (
				en,
				Base,
			);
			mainGroup = 3436147026B54E4B00774A11;
			productRefGroup = 3436147A26B54E4B00774A11 /* Products */;
			projectDirPath = "";
			projectRoot = "";
			targets = (
				3436147826B54E4B00774A11 /* Test Task. List Swipe Actions */,
			);
		};
/* End PBXProject section */

/* Begin PBXResourcesBuildPhase section */
		3436147726B54E4B00774A11 /* Resources */ = {
			isa = PBXResourcesBuildPhase;
			buildActionMask = 2147483647;
			files = (
				3436148426B54E4C00774A11 /* Preview Assets.xcassets in Resources */,
				3436148126B54E4C00774A11 /* Assets.xcassets in Resources */,
			);
			runOnlyForDeploymentPostprocessing = 0;
		};
/* End PBXResourcesBuildPhase section */

/* Begin PBXSourcesBuildPhase section */
		3436147526B54E4B00774A11 /* Sources */ = {
			isa = PBXSourcesBuildPhase;
			buildActionMask = 2147483647;
			files = (
				34D6EBED26B69FB800B4FF69 /* SwipeButton.swift in Sources */,
				34D6EBE626B69E7300B4FF69 /* CustomizedListViewModel.swift in Sources */,
				3436148C26B6435700774A11 /* AppTabView.swift in Sources */,
				34D6EBE826B69EB400B4FF69 /* CellView.swift in Sources */,
				3436147F26B54E4B00774A11 /* CustomizedList.swift in Sources */,
				34D6EBEF26B69FEA00B4FF69 /* CellModel.swift in Sources */,
				3436148E26B643B400774A11 /* ClassicList.swift in Sources */,
				3436147D26B54E4B00774A11 /* Test_Task__List_Swipe_ActionsApp.swift in Sources */,
				34D6EBEB26B69F7600B4FF69 /* BackgroundColor.swift in Sources */,
			);
			runOnlyForDeploymentPostprocessing = 0;
		};
/* End PBXSourcesBuildPhase section */

/* Begin XCBuildConfiguration section */
		3436148626B54E4C00774A11 /* Debug */ = {
			isa = XCBuildConfiguration;
			buildSettings = {
				ALWAYS_SEARCH_USER_PATHS = NO;
				CLANG_ANALYZER_NONNULL = YES;
				CLANG_ANALYZER_NUMBER_OBJECT_CONVERSION = YES_AGGRESSIVE;
				CLANG_CXX_LANGUAGE_STANDARD = "gnu++14";
				CLANG_CXX_LIBRARY = "libc++";
				CLANG_ENABLE_MODULES = YES;
				CLANG_ENABLE_OBJC_ARC = YES;
				CLANG_ENABLE_OBJC_WEAK = YES;
				CLANG_WARN_BLOCK_CAPTURE_AUTORELEASING = YES;
				CLANG_WARN_BOOL_CONVERSION = YES;
				CLANG_WARN_COMMA = YES;
				CLANG_WARN_CONSTANT_CONVERSION = YES;
				CLANG_WARN_DEPRECATED_OBJC_IMPLEMENTATIONS = YES;
				CLANG_WARN_DIRECT_OBJC_ISA_USAGE = YES_ERROR;
				CLANG_WARN_DOCUMENTATION_COMMENTS = YES;
				CLANG_WARN_EMPTY_BODY = YES;
				CLANG_WARN_ENUM_CONVERSION = YES;
				CLANG_WARN_INFINITE_RECURSION = YES;
				CLANG_WARN_INT_CONVERSION = YES;
				CLANG_WARN_NON_LITERAL_NULL_CONVERSION = YES;
				CLANG_WARN_OBJC_IMPLICIT_RETAIN_SELF = YES;
				CLANG_WARN_OBJC_LITERAL_CONVERSION = YES;
				CLANG_WARN_OBJC_ROOT_CLASS = YES_ERROR;
				CLANG_WARN_QUOTED_INCLUDE_IN_FRAMEWORK_HEADER = YES;
				CLANG_WARN_RANGE_LOOP_ANALYSIS = YES;
				CLANG_WARN_STRICT_PROTOTYPES = YES;
				CLANG_WARN_SUSPICIOUS_MOVE = YES;
				CLANG_WARN_UNGUARDED_AVAILABILITY = YES_AGGRESSIVE;
				CLANG_WARN_UNREACHABLE_CODE = YES;
				CLANG_WARN__DUPLICATE_METHOD_MATCH = YES;
				COPY_PHASE_STRIP = NO;
				DEBUG_INFORMATION_FORMAT = dwarf;
				ENABLE_STRICT_OBJC_MSGSEND = YES;
				ENABLE_TESTABILITY = YES;
				GCC_C_LANGUAGE_STANDARD = gnu11;
				GCC_DYNAMIC_NO_PIC = NO;
				GCC_NO_COMMON_BLOCKS = YES;
				GCC_OPTIMIZATION_LEVEL = 0;
				GCC_PREPROCESSOR_DEFINITIONS = (
					"DEBUG=1",
					"$(inherited)",
				);
				GCC_WARN_64_TO_32_BIT_CONVERSION = YES;
				GCC_WARN_ABOUT_RETURN_TYPE = YES_ERROR;
				GCC_WARN_UNDECLARED_SELECTOR = YES;
				GCC_WARN_UNINITIALIZED_AUTOS = YES_AGGRESSIVE;
				GCC_WARN_UNUSED_FUNCTION = YES;
				GCC_WARN_UNUSED_VARIABLE = YES;
				IPHONEOS_DEPLOYMENT_TARGET = 14.5;
				MTL_ENABLE_DEBUG_INFO = INCLUDE_SOURCE;
				MTL_FAST_MATH = YES;
				ONLY_ACTIVE_ARCH = YES;
				SDKROOT = iphoneos;
				SWIFT_ACTIVE_COMPILATION_CONDITIONS = DEBUG;
				SWIFT_OPTIMIZATION_LEVEL = "-Onone";
			};
			name = Debug;
		};
		3436148726B54E4C00774A11 /* Release */ = {
			isa = XCBuildConfiguration;
			buildSettings = {
				ALWAYS_SEARCH_USER_PATHS = NO;
				CLANG_ANALYZER_NONNULL = YES;
				CLANG_ANALYZER_NUMBER_OBJECT_CONVERSION = YES_AGGRESSIVE;
				CLANG_CXX_LANGUAGE_STANDARD = "gnu++14";
				CLANG_CXX_LIBRARY = "libc++";
				CLANG_ENABLE_MODULES = YES;
				CLANG_ENABLE_OBJC_ARC = YES;
				CLANG_ENABLE_OBJC_WEAK = YES;
				CLANG_WARN_BLOCK_CAPTURE_AUTORELEASING = YES;
				CLANG_WARN_BOOL_CONVERSION = YES;
				CLANG_WARN_COMMA = YES;
				CLANG_WARN_CONSTANT_CONVERSION = YES;
				CLANG_WARN_DEPRECATED_OBJC_IMPLEMENTATIONS = YES;
				CLANG_WARN_DIRECT_OBJC_ISA_USAGE = YES_ERROR;
				CLANG_WARN_DOCUMENTATION_COMMENTS = YES;
				CLANG_WARN_EMPTY_BODY = YES;
				CLANG_WARN_ENUM_CONVERSION = YES;
				CLANG_WARN_INFINITE_RECURSION = YES;
				CLANG_WARN_INT_CONVERSION = YES;
				CLANG_WARN_NON_LITERAL_NULL_CONVERSION = YES;
				CLANG_WARN_OBJC_IMPLICIT_RETAIN_SELF = YES;
				CLANG_WARN_OBJC_LITERAL_CONVERSION = YES;
				CLANG_WARN_OBJC_ROOT_CLASS = YES_ERROR;
				CLANG_WARN_QUOTED_INCLUDE_IN_FRAMEWORK_HEADER = YES;
				CLANG_WARN_RANGE_LOOP_ANALYSIS = YES;
				CLANG_WARN_STRICT_PROTOTYPES = YES;
				CLANG_WARN_SUSPICIOUS_MOVE = YES;
				CLANG_WARN_UNGUARDED_AVAILABILITY = YES_AGGRESSIVE;
				CLANG_WARN_UNREACHABLE_CODE = YES;
				CLANG_WARN__DUPLICATE_METHOD_MATCH = YES;
				COPY_PHASE_STRIP = NO;
				DEBUG_INFORMATION_FORMAT = "dwarf-with-dsym";
				ENABLE_NS_ASSERTIONS = NO;
				ENABLE_STRICT_OBJC_MSGSEND = YES;
				GCC_C_LANGUAGE_STANDARD = gnu11;
				GCC_NO_COMMON_BLOCKS = YES;
				GCC_WARN_64_TO_32_BIT_CONVERSION = YES;
				GCC_WARN_ABOUT_RETURN_TYPE = YES_ERROR;
				GCC_WARN_UNDECLARED_SELECTOR = YES;
				GCC_WARN_UNINITIALIZED_AUTOS = YES_AGGRESSIVE;
				GCC_WARN_UNUSED_FUNCTION = YES;
				GCC_WARN_UNUSED_VARIABLE = YES;
				IPHONEOS_DEPLOYMENT_TARGET = 14.5;
				MTL_ENABLE_DEBUG_INFO = NO;
				MTL_FAST_MATH = YES;
				SDKROOT = iphoneos;
				SWIFT_COMPILATION_MODE = wholemodule;
				SWIFT_OPTIMIZATION_LEVEL = "-O";
				VALIDATE_PRODUCT = YES;
			};
			name = Release;
		};
		3436148926B54E4C00774A11 /* Debug */ = {
			isa = XCBuildConfiguration;
			buildSettings = {
				ASSETCATALOG_COMPILER_APPICON_NAME = AppIcon;
				ASSETCATALOG_COMPILER_GLOBAL_ACCENT_COLOR_NAME = AccentColor;
				CODE_SIGN_STYLE = Automatic;
				DEVELOPMENT_ASSET_PATHS = "\"Test Task. List Swipe Actions/Preview Content\"";
				DEVELOPMENT_TEAM = 34W5S52327;
				ENABLE_PREVIEWS = YES;
				INFOPLIST_FILE = "Test Task. List Swipe Actions/Info.plist";
				IPHONEOS_DEPLOYMENT_TARGET = 14.0;
				LD_RUNPATH_SEARCH_PATHS = (
					"$(inherited)",
					"@executable_path/Frameworks",
				);
				PRODUCT_BUNDLE_IDENTIFIER = "co.kavinskyi.Test-Task--List-Swipe-Actions";
				PRODUCT_NAME = "$(TARGET_NAME)";
				SWIFT_VERSION = 5.0;
				TARGETED_DEVICE_FAMILY = "1,2";
			};
			name = Debug;
		};
		3436148A26B54E4C00774A11 /* Release */ = {
			isa = XCBuildConfiguration;
			buildSettings = {
				ASSETCATALOG_COMPILER_APPICON_NAME = AppIcon;
				ASSETCATALOG_COMPILER_GLOBAL_ACCENT_COLOR_NAME = AccentColor;
				CODE_SIGN_STYLE = Automatic;
				DEVELOPMENT_ASSET_PATHS = "\"Test Task. List Swipe Actions/Preview Content\"";
				DEVELOPMENT_TEAM = 34W5S52327;
				ENABLE_PREVIEWS = YES;
				INFOPLIST_FILE = "Test Task. List Swipe Actions/Info.plist";
				IPHONEOS_DEPLOYMENT_TARGET = 14.0;
				LD_RUNPATH_SEARCH_PATHS = (
					"$(inherited)",
					"@executable_path/Frameworks",
				);
				PRODUCT_BUNDLE_IDENTIFIER = "co.kavinskyi.Test-Task--List-Swipe-Actions";
				PRODUCT_NAME = "$(TARGET_NAME)";
				SWIFT_VERSION = 5.0;
				TARGETED_DEVICE_FAMILY = "1,2";
			};
			name = Release;
		};
/* End XCBuildConfiguration section */

/* Begin XCConfigurationList section */
		3436147426B54E4B00774A11 /* Build configuration list for PBXProject "Test Task. List Swipe Actions" */ = {
			isa = XCConfigurationList;
			buildConfigurations = (
				3436148626B54E4C00774A11 /* Debug */,
				3436148726B54E4C00774A11 /* Release */,
			);
			defaultConfigurationIsVisible = 0;
			defaultConfigurationName = Release;
		};
		3436148826B54E4C00774A11 /* Build configuration list for PBXNativeTarget "Test Task. List Swipe Actions" */ = {
			isa = XCConfigurationList;
			buildConfigurations = (
				3436148926B54E4C00774A11 /* Debug */,
				3436148A26B54E4C00774A11 /* Release */,
			);
			defaultConfigurationIsVisible = 0;
			defaultConfigurationName = Release;
		};
/* End XCConfigurationList section */
	};
	rootObject = 3436147126B54E4B00774A11 /* Project object */;
}
